
Microsoft Visual Studio Solution File, Format Version 12.00
# Visual Studio 15
VisualStudioVersion = 15.0.27004.2005
MinimumVisualStudioVersion = 10.0.40219.1
Project("{FAE04EC0-301F-11D3-BF4B-00C04F79EFBC}") = "SmartPay", "SmartPay\SmartPay.csproj", "{82EBE700-879F-43F8-8D49-ACA25A8EFF9F}"
EndProject
Global
	GlobalSection(SolutionConfigurationPlatforms) = preSolution
		Debug|Any CPU = Debug|Any CPU
		Release|Any CPU = Release|Any CPU
	EndGlobalSection
	GlobalSection(ProjectConfigurationPlatforms) = postSolution
		{82EBE700-879F-43F8-8D49-ACA25A8EFF9F}.Debug|Any CPU.ActiveCfg = Debug|Any CPU
		{82EBE700-879F-43F8-8D49-ACA25A8EFF9F}.Debug|Any CPU.Build.0 = Debug|Any CPU
		{82EBE700-879F-43F8-8D49-ACA25A8EFF9F}.Release|Any CPU.ActiveCfg = Release|Any CPU
		{82EBE700-879F-43F8-8D49-ACA25A8EFF9F}.Release|Any CPU.Build.0 = Release|Any CPU
	EndGlobalSection
	GlobalSection(SolutionProperties) = preSolution
		HideSolutionNode = FALSE
	EndGlobalSection
	GlobalSection(ExtensibilityGlobals) = postSolution
		SolutionGuid = {2D3AA5F6-AB18-4408-9D1A-9CEEB753397B}
	EndGlobalSection
EndGlobal
