
Microsoft Visual Studio Solution File, Format Version 12.00
# Visual Studio 15
VisualStudioVersion = 15.0.27130.2036
MinimumVisualStudioVersion = 10.0.40219.1
Project("{FAE04EC0-301F-11D3-BF4B-00C04F79EFBC}") = "Custom_Server_Control", "Custom_Server_Control\Custom_Server_Control.csproj", "{5C792D9F-CC07-4FDF-82F2-C1E3E3B0E59C}"
EndProject
Global
	GlobalSection(SolutionConfigurationPlatforms) = preSolution
		Debug|Any CPU = Debug|Any CPU
		Release|Any CPU = Release|Any CPU
	EndGlobalSection
	GlobalSection(ProjectConfigurationPlatforms) = postSolution
		{5C792D9F-CC07-4FDF-82F2-C1E3E3B0E59C}.Debug|Any CPU.ActiveCfg = Debug|Any CPU
		{5C792D9F-CC07-4FDF-82F2-C1E3E3B0E59C}.Debug|Any CPU.Build.0 = Debug|Any CPU
		{5C792D9F-CC07-4FDF-82F2-C1E3E3B0E59C}.Release|Any CPU.ActiveCfg = Release|Any CPU
		{5C792D9F-CC07-4FDF-82F2-C1E3E3B0E59C}.Release|Any CPU.Build.0 = Release|Any CPU
	EndGlobalSection
	GlobalSection(SolutionProperties) = preSolution
		HideSolutionNode = FALSE
	EndGlobalSection
	GlobalSection(ExtensibilityGlobals) = postSolution
		SolutionGuid = {DDBDDE92-CD97-4439-9218-E714CEAE05F3}
	EndGlobalSection
EndGlobal
